{
  "name": "labop2-example",
  "version": "1.0.0",
  "lockfileVersion": 3,
  "requires": true,
  "packages": {
    "": {
      "name": "labop2-example",
      "version": "1.0.0",
      "dependencies": {
        "labop2": "file:.."
      }
    },
    "..": {
      "name": "labop2",
      "version": "1.0.0",
      "license": "MIT"
    },
    "node_modules/labop2": {
      "resolved": "..",
      "link": true
    }
  }
}
